Microsoft Visual Studio Solution File, Format Version 12.00
# Visual Studio Version 17
VisualStudioVersion = 17.5.2.0
MinimumVisualStudioVersion = 10.0.40219.1
Project("{2150E333-8FDC-42A3-9474-1A3956D46DE8}") = "mailService", "mailService", "{4AD654B9-7524-09A9-2AD6-20A647C6E03D}"
EndProject
Project("{FAE04EC0-301F-11D3-BF4B-00C04F79EFBC}") = "mail-service", "mailService\mail-service.csproj", "{555BE6EF-3D6E-F143-8C4E-9CD10020D8F7}"
EndProject
Global
	GlobalSection(SolutionConfigurationPlatforms) = preSolution
		Debug|Any CPU = Debug|Any CPU
		Release|Any CPU = Release|Any CPU
	EndGlobalSection
	GlobalSection(ProjectConfigurationPlatforms) = postSolution
		{555BE6EF-3D6E-F143-8C4E-9CD10020D8F7}.Debug|Any CPU.ActiveCfg = Debug|Any CPU
		{555BE6EF-3D6E-F143-8C4E-9CD10020D8F7}.Debug|Any CPU.Build.0 = Debug|Any CPU
		{555BE6EF-3D6E-F143-8C4E-9CD10020D8F7}.Release|Any CPU.ActiveCfg = Release|Any CPU
		{555BE6EF-3D6E-F143-8C4E-9CD10020D8F7}.Release|Any CPU.Build.0 = Release|Any CPU
	EndGlobalSection
	GlobalSection(SolutionProperties) = preSolution
		HideSolutionNode = FALSE
	EndGlobalSection
	GlobalSection(NestedProjects) = preSolution
		{555BE6EF-3D6E-F143-8C4E-9CD10020D8F7} = {4AD654B9-7524-09A9-2AD6-20A647C6E03D}
	EndGlobalSection
	GlobalSection(ExtensibilityGlobals) = postSolution
		SolutionGuid = {9FBBC094-C226-4E68-87F8-E43593EC4843}
	EndGlobalSection
EndGlobal
